
Microsoft Visual Studio Solution File, Format Version 12.00
# Visual Studio Version 16
VisualStudioVersion = 16.0.31702.278
MinimumVisualStudioVersion = 10.0.40219.1
Project("{FAE04EC0-301F-11D3-BF4B-00C04F79EFBC}") = "Калькулятор", "Калькулятор.csproj", "{9886A5E3-A1CD-4A5B-8BE2-B2ADADC7F053}"
EndProject
Global
	GlobalSection(SolutionConfigurationPlatforms) = preSolution
		Debug|Any CPU = Debug|Any CPU
		Release|Any CPU = Release|Any CPU
	EndGlobalSection
	GlobalSection(ProjectConfigurationPlatforms) = postSolution
		{9886A5E3-A1CD-4A5B-8BE2-B2ADADC7F053}.Debug|Any CPU.ActiveCfg = Debug|Any CPU
		{9886A5E3-A1CD-4A5B-8BE2-B2ADADC7F053}.Debug|Any CPU.Build.0 = Debug|Any CPU
		{9886A5E3-A1CD-4A5B-8BE2-B2ADADC7F053}.Release|Any CPU.ActiveCfg = Release|Any CPU
		{9886A5E3-A1CD-4A5B-8BE2-B2ADADC7F053}.Release|Any CPU.Build.0 = Release|Any CPU
	EndGlobalSection
	GlobalSection(SolutionProperties) = preSolution
		HideSolutionNode = FALSE
	EndGlobalSection
	GlobalSection(ExtensibilityGlobals) = postSolution
		SolutionGuid = {F66852E5-4254-46B6-A489-6136C50FC2FA}
	EndGlobalSection
EndGlobal
